<?xml version="1.0" encoding="utf-8"?>
<Project ToolsVersion="17.0" xmlns="http://schemas.microsoft.com/developer/msbuild/2003">
  <ItemGroup>
    <CustomBuild Include="C:\PersonalFiles\Code\MM\openh264_test\CMakeFiles\b48733c503805baeffffb9abf7d6881f\NightlyMemoryCheck.rule">
      <Filter>CMake Rules</Filter>
    </CustomBuild>
    <CustomBuild Include="C:\PersonalFiles\Code\MM\openh264_test\CMakeLists.txt" />
  </ItemGroup>
  <ItemGroup>
    <None Include="C:\PersonalFiles\Code\MM\openh264_test\CMakeFiles\NightlyMemoryCheck" />
  </ItemGroup>
  <ItemGroup>
    <Filter Include="CMake Rules">
      <UniqueIdentifier>{19C0A284-DF54-39CE-BE57-F70F328172FC}</UniqueIdentifier>
    </Filter>
  </ItemGroup>
</Project>
