
Microsoft Visual Studio Solution File, Format Version 12.00
# Visual Studio Version 17
Project("{8BC9CEB8-8B4A-11D0-8D11-00A0C91BC942}") = "ALL_BUILD", "ALL_BUILD.vcxproj", "{88D17A50-0B0E-32CA-94BA-10018EE12727}"
	ProjectSection(ProjectDependencies) = postProject
		{48F9D16C-1F32-3B4C-B313-12495DE30AD6} = {48F9D16C-1F32-3B4C-B313-12495DE30AD6}
		{2FD36AE5-7106-34EF-A8BF-D24BD5EC8C06} = {2FD36AE5-7106-34EF-A8BF-D24BD5EC8C06}
		{F438C358-9C24-36EA-B814-887AE92BC0D9} = {F438C358-9C24-36EA-B814-887AE92BC0D9}
	EndProjectSection
EndProject
Project("{8BC9CEB8-8B4A-11D0-8D11-00A0C91BC942}") = "Continuous", "Continuous.vcxproj", "{0C8B6455-8148-3F25-9001-4A5BF7727342}"
	ProjectSection(ProjectDependencies) = postProject
		{48F9D16C-1F32-3B4C-B313-12495DE30AD6} = {48F9D16C-1F32-3B4C-B313-12495DE30AD6}
	EndProjectSection
EndProject
Project("{8BC9CEB8-8B4A-11D0-8D11-00A0C91BC942}") = "Experimental", "Experimental.vcxproj", "{955E5F56-0F90-3710-84AD-38066BD15BD6}"
	ProjectSection(ProjectDependencies) = postProject
		{48F9D16C-1F32-3B4C-B313-12495DE30AD6} = {48F9D16C-1F32-3B4C-B313-12495DE30AD6}
	EndProjectSection
EndProject
Project("{8BC9CEB8-8B4A-11D0-8D11-00A0C91BC942}") = "Nightly", "Nightly.vcxproj", "{0E2D47AF-E51C-3973-A59D-5FC3F3872A94}"
	ProjectSection(ProjectDependencies) = postProject
		{48F9D16C-1F32-3B4C-B313-12495DE30AD6} = {48F9D16C-1F32-3B4C-B313-12495DE30AD6}
	EndProjectSection
EndProject
Project("{8BC9CEB8-8B4A-11D0-8D11-00A0C91BC942}") = "NightlyMemoryCheck", "NightlyMemoryCheck.vcxproj", "{CAA46746-6CE6-3CD3-8394-0215A6C1E718}"
	ProjectSection(ProjectDependencies) = postProject
		{48F9D16C-1F32-3B4C-B313-12495DE30AD6} = {48F9D16C-1F32-3B4C-B313-12495DE30AD6}
	EndProjectSection
EndProject
Project("{8BC9CEB8-8B4A-11D0-8D11-00A0C91BC942}") = "PACKAGE", "PACKAGE.vcxproj", "{C5EC250E-689D-3109-9E12-DEE7459E42E6}"
	ProjectSection(ProjectDependencies) = postProject
		{88D17A50-0B0E-32CA-94BA-10018EE12727} = {88D17A50-0B0E-32CA-94BA-10018EE12727}
		{48F9D16C-1F32-3B4C-B313-12495DE30AD6} = {48F9D16C-1F32-3B4C-B313-12495DE30AD6}
	EndProjectSection
EndProject
Project("{8BC9CEB8-8B4A-11D0-8D11-00A0C91BC942}") = "RUN_TESTS", "RUN_TESTS.vcxproj", "{E07867CD-ED65-3AB1-A2EB-9776C5B1CC96}"
	ProjectSection(ProjectDependencies) = postProject
		{48F9D16C-1F32-3B4C-B313-12495DE30AD6} = {48F9D16C-1F32-3B4C-B313-12495DE30AD6}
	EndProjectSection
EndProject
Project("{8BC9CEB8-8B4A-11D0-8D11-00A0C91BC942}") = "ZERO_CHECK", "ZERO_CHECK.vcxproj", "{48F9D16C-1F32-3B4C-B313-12495DE30AD6}"
	ProjectSection(ProjectDependencies) = postProject
	EndProjectSection
EndProject
Project("{8BC9CEB8-8B4A-11D0-8D11-00A0C91BC942}") = "copy_dlls", "copy_dlls.vcxproj", "{2FD36AE5-7106-34EF-A8BF-D24BD5EC8C06}"
	ProjectSection(ProjectDependencies) = postProject
		{48F9D16C-1F32-3B4C-B313-12495DE30AD6} = {48F9D16C-1F32-3B4C-B313-12495DE30AD6}
		{F438C358-9C24-36EA-B814-887AE92BC0D9} = {F438C358-9C24-36EA-B814-887AE92BC0D9}
	EndProjectSection
EndProject
Project("{8BC9CEB8-8B4A-11D0-8D11-00A0C91BC942}") = "openh264_test", "openh264_test.vcxproj", "{F438C358-9C24-36EA-B814-887AE92BC0D9}"
	ProjectSection(ProjectDependencies) = postProject
		{48F9D16C-1F32-3B4C-B313-12495DE30AD6} = {48F9D16C-1F32-3B4C-B313-12495DE30AD6}
	EndProjectSection
EndProject
Global
	GlobalSection(SolutionConfigurationPlatforms) = preSolution
		Debug|x64 = Debug|x64
		Release|x64 = Release|x64
		MinSizeRel|x64 = MinSizeRel|x64
		RelWithDebInfo|x64 = RelWithDebInfo|x64
	EndGlobalSection
	GlobalSection(ProjectConfigurationPlatforms) = postSolution
		{88D17A50-0B0E-32CA-94BA-10018EE12727}.Debug|x64.ActiveCfg = Debug|x64
		{88D17A50-0B0E-32CA-94BA-10018EE12727}.Debug|x64.Build.0 = Debug|x64
		{88D17A50-0B0E-32CA-94BA-10018EE12727}.Release|x64.ActiveCfg = Release|x64
		{88D17A50-0B0E-32CA-94BA-10018EE12727}.Release|x64.Build.0 = Release|x64
		{88D17A50-0B0E-32CA-94BA-10018EE12727}.MinSizeRel|x64.ActiveCfg = MinSizeRel|x64
		{88D17A50-0B0E-32CA-94BA-10018EE12727}.MinSizeRel|x64.Build.0 = MinSizeRel|x64
		{88D17A50-0B0E-32CA-94BA-10018EE12727}.RelWithDebInfo|x64.ActiveCfg = RelWithDebInfo|x64
		{88D17A50-0B0E-32CA-94BA-10018EE12727}.RelWithDebInfo|x64.Build.0 = RelWithDebInfo|x64
		{0C8B6455-8148-3F25-9001-4A5BF7727342}.Debug|x64.ActiveCfg = Debug|x64
		{0C8B6455-8148-3F25-9001-4A5BF7727342}.Release|x64.ActiveCfg = Release|x64
		{0C8B6455-8148-3F25-9001-4A5BF7727342}.MinSizeRel|x64.ActiveCfg = MinSizeRel|x64
		{0C8B6455-8148-3F25-9001-4A5BF7727342}.RelWithDebInfo|x64.ActiveCfg = RelWithDebInfo|x64
		{955E5F56-0F90-3710-84AD-38066BD15BD6}.Debug|x64.ActiveCfg = Debug|x64
		{955E5F56-0F90-3710-84AD-38066BD15BD6}.Release|x64.ActiveCfg = Release|x64
		{955E5F56-0F90-3710-84AD-38066BD15BD6}.MinSizeRel|x64.ActiveCfg = MinSizeRel|x64
		{955E5F56-0F90-3710-84AD-38066BD15BD6}.RelWithDebInfo|x64.ActiveCfg = RelWithDebInfo|x64
		{0E2D47AF-E51C-3973-A59D-5FC3F3872A94}.Debug|x64.ActiveCfg = Debug|x64
		{0E2D47AF-E51C-3973-A59D-5FC3F3872A94}.Release|x64.ActiveCfg = Release|x64
		{0E2D47AF-E51C-3973-A59D-5FC3F3872A94}.MinSizeRel|x64.ActiveCfg = MinSizeRel|x64
		{0E2D47AF-E51C-3973-A59D-5FC3F3872A94}.RelWithDebInfo|x64.ActiveCfg = RelWithDebInfo|x64
		{CAA46746-6CE6-3CD3-8394-0215A6C1E718}.Debug|x64.ActiveCfg = Debug|x64
		{CAA46746-6CE6-3CD3-8394-0215A6C1E718}.Release|x64.ActiveCfg = Release|x64
		{CAA46746-6CE6-3CD3-8394-0215A6C1E718}.MinSizeRel|x64.ActiveCfg = MinSizeRel|x64
		{CAA46746-6CE6-3CD3-8394-0215A6C1E718}.RelWithDebInfo|x64.ActiveCfg = RelWithDebInfo|x64
		{C5EC250E-689D-3109-9E12-DEE7459E42E6}.Debug|x64.ActiveCfg = Debug|x64
		{C5EC250E-689D-3109-9E12-DEE7459E42E6}.Release|x64.ActiveCfg = Release|x64
		{C5EC250E-689D-3109-9E12-DEE7459E42E6}.MinSizeRel|x64.ActiveCfg = MinSizeRel|x64
		{C5EC250E-689D-3109-9E12-DEE7459E42E6}.RelWithDebInfo|x64.ActiveCfg = RelWithDebInfo|x64
		{E07867CD-ED65-3AB1-A2EB-9776C5B1CC96}.Debug|x64.ActiveCfg = Debug|x64
		{E07867CD-ED65-3AB1-A2EB-9776C5B1CC96}.Release|x64.ActiveCfg = Release|x64
		{E07867CD-ED65-3AB1-A2EB-9776C5B1CC96}.MinSizeRel|x64.ActiveCfg = MinSizeRel|x64
		{E07867CD-ED65-3AB1-A2EB-9776C5B1CC96}.RelWithDebInfo|x64.ActiveCfg = RelWithDebInfo|x64
		{48F9D16C-1F32-3B4C-B313-12495DE30AD6}.Debug|x64.ActiveCfg = Debug|x64
		{48F9D16C-1F32-3B4C-B313-12495DE30AD6}.Debug|x64.Build.0 = Debug|x64
		{48F9D16C-1F32-3B4C-B313-12495DE30AD6}.Release|x64.ActiveCfg = Release|x64
		{48F9D16C-1F32-3B4C-B313-12495DE30AD6}.Release|x64.Build.0 = Release|x64
		{48F9D16C-1F32-3B4C-B313-12495DE30AD6}.MinSizeRel|x64.ActiveCfg = MinSizeRel|x64
		{48F9D16C-1F32-3B4C-B313-12495DE30AD6}.MinSizeRel|x64.Build.0 = MinSizeRel|x64
		{48F9D16C-1F32-3B4C-B313-12495DE30AD6}.RelWithDebInfo|x64.ActiveCfg = RelWithDebInfo|x64
		{48F9D16C-1F32-3B4C-B313-12495DE30AD6}.RelWithDebInfo|x64.Build.0 = RelWithDebInfo|x64
		{2FD36AE5-7106-34EF-A8BF-D24BD5EC8C06}.Debug|x64.ActiveCfg = Debug|x64
		{2FD36AE5-7106-34EF-A8BF-D24BD5EC8C06}.Debug|x64.Build.0 = Debug|x64
		{2FD36AE5-7106-34EF-A8BF-D24BD5EC8C06}.Release|x64.ActiveCfg = Release|x64
		{2FD36AE5-7106-34EF-A8BF-D24BD5EC8C06}.Release|x64.Build.0 = Release|x64
		{2FD36AE5-7106-34EF-A8BF-D24BD5EC8C06}.MinSizeRel|x64.ActiveCfg = MinSizeRel|x64
		{2FD36AE5-7106-34EF-A8BF-D24BD5EC8C06}.MinSizeRel|x64.Build.0 = MinSizeRel|x64
		{2FD36AE5-7106-34EF-A8BF-D24BD5EC8C06}.RelWithDebInfo|x64.ActiveCfg = RelWithDebInfo|x64
		{2FD36AE5-7106-34EF-A8BF-D24BD5EC8C06}.RelWithDebInfo|x64.Build.0 = RelWithDebInfo|x64
		{F438C358-9C24-36EA-B814-887AE92BC0D9}.Debug|x64.ActiveCfg = Debug|x64
		{F438C358-9C24-36EA-B814-887AE92BC0D9}.Debug|x64.Build.0 = Debug|x64
		{F438C358-9C24-36EA-B814-887AE92BC0D9}.Release|x64.ActiveCfg = Release|x64
		{F438C358-9C24-36EA-B814-887AE92BC0D9}.Release|x64.Build.0 = Release|x64
		{F438C358-9C24-36EA-B814-887AE92BC0D9}.MinSizeRel|x64.ActiveCfg = MinSizeRel|x64
		{F438C358-9C24-36EA-B814-887AE92BC0D9}.MinSizeRel|x64.Build.0 = MinSizeRel|x64
		{F438C358-9C24-36EA-B814-887AE92BC0D9}.RelWithDebInfo|x64.ActiveCfg = RelWithDebInfo|x64
		{F438C358-9C24-36EA-B814-887AE92BC0D9}.RelWithDebInfo|x64.Build.0 = RelWithDebInfo|x64
	EndGlobalSection
	GlobalSection(ExtensibilityGlobals) = postSolution
		SolutionGuid = {F797E2AE-D639-3E0D-BFA0-A8DDC1C2E5A3}
	EndGlobalSection
	GlobalSection(ExtensibilityAddIns) = postSolution
	EndGlobalSection
EndGlobal
